// !$*UTF8*$!
{
	archiveVersion = 1;
	classes = {
	};
	objectVersion = 50;
	objects = {

/* Begin PBXBuildFile section */
		82EF84A4243D628D001F87CA /* AppDelegate.swift in Sources */ = {isa = PBXBuildFile; fileRef = 82EF84A3243D628D001F87CA /* AppDelegate.swift */; };
		82EF84A6243D628D001F87CA /* SceneDelegate.swift in Sources */ = {isa = PBXBuildFile; fileRef = 82EF84A5243D628D001F87CA /* SceneDelegate.swift */; };
		82EF84A8243D628D001F87CA /* ViewController.swift in Sources */ = {isa = PBXBuildFile; fileRef = 82EF84A7243D628D001F87CA /* ViewController.swift */; };
		82EF84AB243D628D001F87CA /* Main.storyboard in Resources */ = {isa = PBXBuildFile; fileRef = 82EF84A9243D628D001F87CA /* Main.storyboard */; };
		82EF84AD243D628E001F87CA /* Assets.xcassets in Resources */ = {isa = PBXBuildFile; fileRef = 82EF84AC243D628E001F87CA /* Assets.xcassets */; };
		82EF84B0243D628E001F87CA /* LaunchScreen.storyboard in Resources */ = {isa = PBXBuildFile; fileRef = 82EF84AE243D628E001F87CA /* LaunchScreen.storyboard */; };
/* End PBXBuildFile section */

/* Begin PBXFileReference section */
		82EF84A0243D628D001F87CA /* Unit 1 HW.app */ = {isa = PBXFileReference; explicitFileType = wrapper.application; includeInIndex = 0; path = "Unit 1 HW.app"; sourceTree = BUILT_PRODUCTS_DIR; };
		82EF84A3243D628D001F87CA /* AppDelegate.swift */ = {isa = PBXFileReference; lastKnownFileType = sourcecode.swift; path = AppDelegate.swift; sourceTree = "<group>"; };
		82EF84A5243D628D001F87CA /* SceneDelegate.swift */ = {isa = PBXFileReference; lastKnownFileType = sourcecode.swift; path = SceneDelegate.swift; sourceTree = "<group>"; };
		82EF84A7243D628D001F87CA /* ViewController.swift */ = {isa = PBXFileReference; lastKnownFileType = sourcecode.swift; path = ViewController.swift; sourceTree = "<group>"; };
		82EF84AA243D628D001F87CA /* Base */ = {isa = PBXFileReference; lastKnownFileType = file.storyboard; name = Base; path = Base.lproj/Main.storyboard; sourceTree = "<group>"; };
		82EF84AC243D628E001F87CA /* Assets.xcassets */ = {isa = PBXFileReference; lastKnownFileType = folder.assetcatalog; path = Assets.xcassets; sourceTree = "<group>"; };
		82EF84AF243D628E001F87CA /* Base */ = {isa = PBXFileReference; lastKnownFileType = file.storyboard; name = Base; path = Base.lproj/LaunchScreen.storyboard; sourceTree = "<group>"; };
		82EF84B1243D628E001F87CA /* Info.plist */ = {isa = PBXFileReference; lastKnownFileType = text.plist.xml; path = Info.plist; sourceTree = "<group>"; };
/* End PBXFileReference section */

/* Begin PBXFrameworksBuildPhase section */
		82EF849D243D628D001F87CA /* Frameworks */ = {
			isa = PBXFrameworksBuildPhase;
			buildActionMask = 2147483647;
			files = (
			);
			runOnlyForDeploymentPostprocessing = 0;
		};
/* End PBXFrameworksBuildPhase section */

/* Begin PBXGroup section */
		82EF8497243D628D001F87CA = {
			isa = PBXGroup;
			children = (
				82EF84A2243D628D001F87CA /* Unit 1 HW */,
				82EF84A1243D628D001F87CA /* Products */,
			);
			sourceTree = "<group>";
		};
		82EF84A1243D628D001F87CA /* Products */ = {
			isa = PBXGroup;
			children = (
				82EF84A0243D628D001F87CA /* Unit 1 HW.app */,
			);
			name = Products;
			sourceTree = "<group>";
		};
		82EF84A2243D628D001F87CA /* Unit 1 HW */ = {
			isa = PBXGroup;
			children = (
				82EF84A3243D628D001F87CA /* AppDelegate.swift */,
				82EF84A5243D628D001F87CA /* SceneDelegate.swift */,
				82EF84A7243D628D001F87CA /* ViewController.swift */,
				82EF84A9243D628D001F87CA /* Main.storyboard */,
				82EF84AC243D628E001F87CA /* Assets.xcassets */,
				82EF84AE243D628E001F87CA /* LaunchScreen.storyboard */,
				82EF84B1243D628E001F87CA /* Info.plist */,
			);
			path = "Unit 1 HW";
			sourceTree = "<group>";
		};
/* End PBXGroup section */

/* Begin PBXNativeTarget section */
		82EF849F243D628D001F87CA /* Unit 1 HW */ = {
			isa = PBXNativeTarget;
			buildConfigurationList = 82EF84B4243D628E001F87CA /* Build configuration list for PBXNativeTarget "Unit 1 HW" */;
			buildPhases = (
				82EF849C243D628D001F87CA /* Sources */,
				82EF849D243D628D001F87CA /* Frameworks */,
				82EF849E243D628D001F87CA /* Resources */,
			);
			buildRules = (
			);
			dependencies = (
			);
			name = "Unit 1 HW";
			productName = "Unit 1 HW";
			productReference = 82EF84A0243D628D001F87CA /* Unit 1 HW.app */;
			productType = "com.apple.product-type.application";
		};
/* End PBXNativeTarget section */

/* Begin PBXProject section */
		82EF8498243D628D001F87CA /* Project object */ = {
			isa = PBXProject;
			attributes = {
				LastSwiftUpdateCheck = 1130;
				LastUpgradeCheck = 1130;
				ORGANIZATIONNAME = iank;
				TargetAttributes = {
					82EF849F243D628D001F87CA = {
						CreatedOnToolsVersion = 11.3.1;
					};
				};
			};
			buildConfigurationList = 82EF849B243D628D001F87CA /* Build configuration list for PBXProject "Unit 1 HW" */;
			compatibilityVersion = "Xcode 9.3";
			developmentRegion = en;
			hasScannedForEncodings = 0;
			knownRegions = (
				en,
				Base,
			);
			mainGroup = 82EF8497243D628D001F87CA;
			productRefGroup = 82EF84A1243D628D001F87CA /* Products */;
			projectDirPath = "";
			projectRoot = "";
			targets = (
				82EF849F243D628D001F87CA /* Unit 1 HW */,
			);
		};
/* End PBXProject section */

/* Begin PBXResourcesBuildPhase section */
		82EF849E243D628D001F87CA /* Resources */ = {
			isa = PBXResourcesBuildPhase;
			buildActionMask = 2147483647;
			files = (
				82EF84B0243D628E001F87CA /* LaunchScreen.storyboard in Resources */,
				82EF84AD243D628E001F87CA /* Assets.xcassets in Resources */,
				82EF84AB243D628D001F87CA /* Main.storyboard in Resources */,
			);
			runOnlyForDeploymentPostprocessing = 0;
		};
/* End PBXResourcesBuildPhase section */

/* Begin PBXSourcesBuildPhase section */
		82EF849C243D628D001F87CA /* Sources */ = {
			isa = PBXSourcesBuildPhase;
			buildActionMask = 2147483647;
			files = (
				82EF84A8243D628D001F87CA /* ViewController.swift in Sources */,
				82EF84A4243D628D001F87CA /* AppDelegate.swift in Sources */,
				82EF84A6243D628D001F87CA /* SceneDelegate.swift in Sources */,
			);
			runOnlyForDeploymentPostprocessing = 0;
		};
/* End PBXSourcesBuildPhase section */

/* Begin PBXVariantGroup section */
		82EF84A9243D628D001F87CA /* Main.storyboard */ = {
			isa = PBXVariantGroup;
			children = (
				82EF84AA243D628D001F87CA /* Base */,
			);
			name = Main.storyboard;
			sourceTree = "<group>";
		};
		82EF84AE243D628E001F87CA /* LaunchScreen.storyboard */ = {
			isa = PBXVariantGroup;
			children = (
				82EF84AF243D628E001F87CA /* Base */,
			);
			name = LaunchScreen.storyboard;
			sourceTree = "<group>";
		};
/* End PBXVariantGroup section */

/* Begin XCBuildConfiguration section */
		82EF84B2243D628E001F87CA /* Debug */ = {
			isa = XCBuildConfiguration;
			buildSettings = {
				ALWAYS_SEARCH_USER_PATHS = NO;
				CLANG_ANALYZER_NONNULL = YES;
				CLANG_ANALYZER_NUMBER_OBJECT_CONVERSION = YES_AGGRESSIVE;
				CLANG_CXX_LANGUAGE_STANDARD = "gnu++14";
				CLANG_CXX_LIBRARY = "libc++";
				CLANG_ENABLE_MODULES = YES;
				CLANG_ENABLE_OBJC_ARC = YES;
				CLANG_ENABLE_OBJC_WEAK = YES;
				CLANG_WARN_BLOCK_CAPTURE_AUTORELEASING = YES;
				CLANG_WARN_BOOL_CONVERSION = YES;
				CLANG_WARN_COMMA = YES;
				CLANG_WARN_CONSTANT_CONVERSION = YES;
				CLANG_WARN_DEPRECATED_OBJC_IMPLEMENTATIONS = YES;
				CLANG_WARN_DIRECT_OBJC_ISA_USAGE = YES_ERROR;
				CLANG_WARN_DOCUMENTATION_COMMENTS = YES;
				CLANG_WARN_EMPTY_BODY = YES;
				CLANG_WARN_ENUM_CONVERSION = YES;
				CLANG_WARN_INFINITE_RECURSION = YES;
				CLANG_WARN_INT_CONVERSION = YES;
				CLANG_WARN_NON_LITERAL_NULL_CONVERSION = YES;
				CLANG_WARN_OBJC_IMPLICIT_RETAIN_SELF = YES;
				CLANG_WARN_OBJC_LITERAL_CONVERSION = YES;
				CLANG_WARN_OBJC_ROOT_CLASS = YES_ERROR;
				CLANG_WARN_RANGE_LOOP_ANALYSIS = YES;
				CLANG_WARN_STRICT_PROTOTYPES = YES;
				CLANG_WARN_SUSPICIOUS_MOVE = YES;
				CLANG_WARN_UNGUARDED_AVAILABILITY = YES_AGGRESSIVE;
				CLANG_WARN_UNREACHABLE_CODE = YES;
				CLANG_WARN__DUPLICATE_METHOD_MATCH = YES;
				COPY_PHASE_STRIP = NO;
				DEBUG_INFORMATION_FORMAT = dwarf;
				ENABLE_STRICT_OBJC_MSGSEND = YES;
				ENABLE_TESTABILITY = YES;
				GCC_C_LANGUAGE_STANDARD = gnu11;
				GCC_DYNAMIC_NO_PIC = NO;
				GCC_NO_COMMON_BLOCKS = YES;
				GCC_OPTIMIZATION_LEVEL = 0;
				GCC_PREPROCESSOR_DEFINITIONS = (
					"DEBUG=1",
					"$(inherited)",
				);
				GCC_WARN_64_TO_32_BIT_CONVERSION = YES;
				GCC_WARN_ABOUT_RETURN_TYPE = YES_ERROR;
				GCC_WARN_UNDECLARED_SELECTOR = YES;
				GCC_WARN_UNINITIALIZED_AUTOS = YES_AGGRESSIVE;
				GCC_WARN_UNUSED_FUNCTION = YES;
				GCC_WARN_UNUSED_VARIABLE = YES;
				IPHONEOS_DEPLOYMENT_TARGET = 13.2;
				MTL_ENABLE_DEBUG_INFO = INCLUDE_SOURCE;
				MTL_FAST_MATH = YES;
				ONLY_ACTIVE_ARCH = YES;
				SDKROOT = iphoneos;
				SWIFT_ACTIVE_COMPILATION_CONDITIONS = DEBUG;
				SWIFT_OPTIMIZATION_LEVEL = "-Onone";
			};
			name = Debug;
		};
		82EF84B3243D628E001F87CA /* Release */ = {
			isa = XCBuildConfiguration;
			buildSettings = {
				ALWAYS_SEARCH_USER_PATHS = NO;
				CLANG_ANALYZER_NONNULL = YES;
				CLANG_ANALYZER_NUMBER_OBJECT_CONVERSION = YES_AGGRESSIVE;
				CLANG_CXX_LANGUAGE_STANDARD = "gnu++14";
				CLANG_CXX_LIBRARY = "libc++";
				CLANG_ENABLE_MODULES = YES;
				CLANG_ENABLE_OBJC_ARC = YES;
				CLANG_ENABLE_OBJC_WEAK = YES;
				CLANG_WARN_BLOCK_CAPTURE_AUTORELEASING = YES;
				CLANG_WARN_BOOL_CONVERSION = YES;
				CLANG_WARN_COMMA = YES;
				CLANG_WARN_CONSTANT_CONVERSION = YES;
				CLANG_WARN_DEPRECATED_OBJC_IMPLEMENTATIONS = YES;
				CLANG_WARN_DIRECT_OBJC_ISA_USAGE = YES_ERROR;
				CLANG_WARN_DOCUMENTATION_COMMENTS = YES;
				CLANG_WARN_EMPTY_BODY = YES;
				CLANG_WARN_ENUM_CONVERSION = YES;
				CLANG_WARN_INFINITE_RECURSION = YES;
				CLANG_WARN_INT_CONVERSION = YES;
				CLANG_WARN_NON_LITERAL_NULL_CONVERSION = YES;
				CLANG_WARN_OBJC_IMPLICIT_RETAIN_SELF = YES;
				CLANG_WARN_OBJC_LITERAL_CONVERSION = YES;
				CLANG_WARN_OBJC_ROOT_CLASS = YES_ERROR;
				CLANG_WARN_RANGE_LOOP_ANALYSIS = YES;
				CLANG_WARN_STRICT_PROTOTYPES = YES;
				CLANG_WARN_SUSPICIOUS_MOVE = YES;
				CLANG_WARN_UNGUARDED_AVAILABILITY = YES_AGGRESSIVE;
				CLANG_WARN_UNREACHABLE_CODE = YES;
				CLANG_WARN__DUPLICATE_METHOD_MATCH = YES;
				COPY_PHASE_STRIP = NO;
				DEBUG_INFORMATION_FORMAT = "dwarf-with-dsym";
				ENABLE_NS_ASSERTIONS = NO;
				ENABLE_STRICT_OBJC_MSGSEND = YES;
				GCC_C_LANGUAGE_STANDARD = gnu11;
				GCC_NO_COMMON_BLOCKS = YES;
				GCC_WARN_64_TO_32_BIT_CONVERSION = YES;
				GCC_WARN_ABOUT_RETURN_TYPE = YES_ERROR;
				GCC_WARN_UNDECLARED_SELECTOR = YES;
				GCC_WARN_UNINITIALIZED_AUTOS = YES_AGGRESSIVE;
				GCC_WARN_UNUSED_FUNCTION = YES;
				GCC_WARN_UNUSED_VARIABLE = YES;
				IPHONEOS_DEPLOYMENT_TARGET = 13.2;
				MTL_ENABLE_DEBUG_INFO = NO;
				MTL_FAST_MATH = YES;
				SDKROOT = iphoneos;
				SWIFT_COMPILATION_MODE = wholemodule;
				SWIFT_OPTIMIZATION_LEVEL = "-O";
				VALIDATE_PRODUCT = YES;
			};
			name = Release;
		};
		82EF84B5243D628E001F87CA /* Debug */ = {
			isa = XCBuildConfiguration;
			buildSettings = {
				ASSETCATALOG_COMPILER_APPICON_NAME = AppIcon;
				CODE_SIGN_STYLE = Automatic;
				INFOPLIST_FILE = "Unit 1 HW/Info.plist";
				LD_RUNPATH_SEARCH_PATHS = (
					"$(inherited)",
					"@executable_path/Frameworks",
				);
				PRODUCT_BUNDLE_IDENTIFIER = "com.iank.Unit-1-HW";
				PRODUCT_NAME = "$(TARGET_NAME)";
				SWIFT_VERSION = 5.0;
				TARGETED_DEVICE_FAMILY = "1,2";
			};
			name = Debug;
		};
		82EF84B6243D628E001F87CA /* Release */ = {
			isa = XCBuildConfiguration;
			buildSettings = {
				ASSETCATALOG_COMPILER_APPICON_NAME = AppIcon;
				CODE_SIGN_STYLE = Automatic;
				INFOPLIST_FILE = "Unit 1 HW/Info.plist";
				LD_RUNPATH_SEARCH_PATHS = (
					"$(inherited)",
					"@executable_path/Frameworks",
				);
				PRODUCT_BUNDLE_IDENTIFIER = "com.iank.Unit-1-HW";
				PRODUCT_NAME = "$(TARGET_NAME)";
				SWIFT_VERSION = 5.0;
				TARGETED_DEVICE_FAMILY = "1,2";
			};
			name = Release;
		};
/* End XCBuildConfiguration section */

/* Begin XCConfigurationList section */
		82EF849B243D628D001F87CA /* Build configuration list for PBXProject "Unit 1 HW" */ = {
			isa = XCConfigurationList;
			buildConfigurations = (
				82EF84B2243D628E001F87CA /* Debug */,
				82EF84B3243D628E001F87CA /* Release */,
			);
			defaultConfigurationIsVisible = 0;
			defaultConfigurationName = Release;
		};
		82EF84B4243D628E001F87CA /* Build configuration list for PBXNativeTarget "Unit 1 HW" */ = {
			isa = XCConfigurationList;
			buildConfigurations = (
				82EF84B5243D628E001F87CA /* Debug */,
				82EF84B6243D628E001F87CA /* Release */,
			);
			defaultConfigurationIsVisible = 0;
			defaultConfigurationName = Release;
		};
/* End XCConfigurationList section */
	};
	rootObject = 82EF8498243D628D001F87CA /* Project object */;
}
